
Microsoft Visual Studio Solution File, Format Version 12.00
# Visual Studio 15
VisualStudioVersion = 15.0.28307.572
MinimumVisualStudioVersion = 10.0.40219.1
Project("{FAE04EC0-301F-11D3-BF4B-00C04F79EFBC}") = "FreeIT", "FreeIT\FreeIT.csproj", "{1FF23A23-7C8D-46D1-8A78-A193AB626F01}"
EndProject
Project("{FAE04EC0-301F-11D3-BF4B-00C04F79EFBC}") = "Week2_HomeTask", "Week2_HomeTask\Week2_HomeTask.csproj", "{441DDD12-5B13-4BB7-A889-5DC256287134}"
EndProject
Project("{FAE04EC0-301F-11D3-BF4B-00C04F79EFBC}") = "Week3", "Week3\Week3.csproj", "{4751C67D-5FF0-4C7E-A1E0-2F290D1B24E5}"
EndProject
Project("{FAE04EC0-301F-11D3-BF4B-00C04F79EFBC}") = "MergeSort", "MergeSort\MergeSort.csproj", "{C91D97EF-5733-45CC-B6A5-204D4466E53F}"
EndProject
Project("{FAE04EC0-301F-11D3-BF4B-00C04F79EFBC}") = "QuickSort", "QuickSort\QuickSort.csproj", "{2CC2AE53-AFF5-4A8D-88D5-9D01D33AEBAC}"
EndProject
Project("{FAE04EC0-301F-11D3-BF4B-00C04F79EFBC}") = "Week3_HomeTask", "Week3_HomeTask\Week3_HomeTask.csproj", "{CCDA16FD-0D0D-429C-99CA-9C3BFE529DA0}"
EndProject
Project("{FAE04EC0-301F-11D3-BF4B-00C04F79EFBC}") = "Test", "Test\Test.csproj", "{65EF5FBB-526C-4690-820B-E2B24D267899}"
EndProject
Project("{FAE04EC0-301F-11D3-BF4B-00C04F79EFBC}") = "Week4_HomeTask", "Week4_HomeTask\Week4_HomeTask.csproj", "{AA798BCA-1EEB-492F-BC07-C0DC29E9DA7D}"
EndProject
Project("{FAE04EC0-301F-11D3-BF4B-00C04F79EFBC}") = "Week4", "Week4\Week4.csproj", "{B84CCAD6-26F1-444F-BAB1-500893D27B29}"
EndProject
Project("{9A19103F-16F7-4668-BE54-9A1E7A4F7556}") = "Week5", "Week5\Week5.csproj", "{92C37929-2BDB-429A-80B0-A554F6A4EB2D}"
EndProject
Project("{9A19103F-16F7-4668-BE54-9A1E7A4F7556}") = "MyLibrary", "MyLibrary\MyLibrary.csproj", "{79B2A1F3-0B5B-4400-9EFD-6EFCBF1319A4}"
EndProject
Project("{9A19103F-16F7-4668-BE54-9A1E7A4F7556}") = "Week4_HomeTask_Published", "Week4_HomeTask_Published\Week4_HomeTask_Published.csproj", "{BC876BB4-D0C9-42C9-9BB4-CD05F9D15F60}"
EndProject
Project("{9A19103F-16F7-4668-BE54-9A1E7A4F7556}") = "Week6", "Week6\Week6.csproj", "{EFB146CE-66C5-4D7F-8CCF-4D0C95A97185}"
EndProject
Project("{9A19103F-16F7-4668-BE54-9A1E7A4F7556}") = "Week6_HomeTask", "Week6_HomeTask\Week6_HomeTask.csproj", "{E675320D-148A-4A3C-ADA0-8181D20BF885}"
EndProject
Project("{9A19103F-16F7-4668-BE54-9A1E7A4F7556}") = "Week6HT", "Week6HT\Week6HT.csproj", "{B2191DFB-1DA3-412A-B4C4-4261204CF17E}"
EndProject
Project("{9A19103F-16F7-4668-BE54-9A1E7A4F7556}") = "Week7", "Week7\Week7.csproj", "{26CFC01C-5D88-48C8-8330-68BD3CD07443}"
EndProject
Project("{FAE04EC0-301F-11D3-BF4B-00C04F79EFBC}") = "Week7_HomeTask", "Week7_HomeTask\Week7_HomeTask.csproj", "{F9023D02-9E6D-4FA7-BFF7-B3167F6F6A85}"
EndProject
Global
	GlobalSection(SolutionConfigurationPlatforms) = preSolution
		Debug|Any CPU = Debug|Any CPU
		Release|Any CPU = Release|Any CPU
	EndGlobalSection
	GlobalSection(ProjectConfigurationPlatforms) = postSolution
		{1FF23A23-7C8D-46D1-8A78-A193AB626F01}.Debug|Any CPU.ActiveCfg = Debug|Any CPU
		{1FF23A23-7C8D-46D1-8A78-A193AB626F01}.Debug|Any CPU.Build.0 = Debug|Any CPU
		{1FF23A23-7C8D-46D1-8A78-A193AB626F01}.Release|Any CPU.ActiveCfg = Release|Any CPU
		{1FF23A23-7C8D-46D1-8A78-A193AB626F01}.Release|Any CPU.Build.0 = Release|Any CPU
		{441DDD12-5B13-4BB7-A889-5DC256287134}.Debug|Any CPU.ActiveCfg = Debug|Any CPU
		{441DDD12-5B13-4BB7-A889-5DC256287134}.Debug|Any CPU.Build.0 = Debug|Any CPU
		{441DDD12-5B13-4BB7-A889-5DC256287134}.Release|Any CPU.ActiveCfg = Release|Any CPU
		{441DDD12-5B13-4BB7-A889-5DC256287134}.Release|Any CPU.Build.0 = Release|Any CPU
		{4751C67D-5FF0-4C7E-A1E0-2F290D1B24E5}.Debug|Any CPU.ActiveCfg = Debug|Any CPU
		{4751C67D-5FF0-4C7E-A1E0-2F290D1B24E5}.Debug|Any CPU.Build.0 = Debug|Any CPU
		{4751C67D-5FF0-4C7E-A1E0-2F290D1B24E5}.Release|Any CPU.ActiveCfg = Release|Any CPU
		{4751C67D-5FF0-4C7E-A1E0-2F290D1B24E5}.Release|Any CPU.Build.0 = Release|Any CPU
		{C91D97EF-5733-45CC-B6A5-204D4466E53F}.Debug|Any CPU.ActiveCfg = Debug|Any CPU
		{C91D97EF-5733-45CC-B6A5-204D4466E53F}.Debug|Any CPU.Build.0 = Debug|Any CPU
		{C91D97EF-5733-45CC-B6A5-204D4466E53F}.Release|Any CPU.ActiveCfg = Release|Any CPU
		{C91D97EF-5733-45CC-B6A5-204D4466E53F}.Release|Any CPU.Build.0 = Release|Any CPU
		{2CC2AE53-AFF5-4A8D-88D5-9D01D33AEBAC}.Debug|Any CPU.ActiveCfg = Debug|Any CPU
		{2CC2AE53-AFF5-4A8D-88D5-9D01D33AEBAC}.Debug|Any CPU.Build.0 = Debug|Any CPU
		{2CC2AE53-AFF5-4A8D-88D5-9D01D33AEBAC}.Release|Any CPU.ActiveCfg = Release|Any CPU
		{2CC2AE53-AFF5-4A8D-88D5-9D01D33AEBAC}.Release|Any CPU.Build.0 = Release|Any CPU
		{CCDA16FD-0D0D-429C-99CA-9C3BFE529DA0}.Debug|Any CPU.ActiveCfg = Debug|Any CPU
		{CCDA16FD-0D0D-429C-99CA-9C3BFE529DA0}.Debug|Any CPU.Build.0 = Debug|Any CPU
		{CCDA16FD-0D0D-429C-99CA-9C3BFE529DA0}.Release|Any CPU.ActiveCfg = Release|Any CPU
		{CCDA16FD-0D0D-429C-99CA-9C3BFE529DA0}.Release|Any CPU.Build.0 = Release|Any CPU
		{65EF5FBB-526C-4690-820B-E2B24D267899}.Debug|Any CPU.ActiveCfg = Debug|Any CPU
		{65EF5FBB-526C-4690-820B-E2B24D267899}.Debug|Any CPU.Build.0 = Debug|Any CPU
		{65EF5FBB-526C-4690-820B-E2B24D267899}.Release|Any CPU.ActiveCfg = Release|Any CPU
		{65EF5FBB-526C-4690-820B-E2B24D267899}.Release|Any CPU.Build.0 = Release|Any CPU
		{AA798BCA-1EEB-492F-BC07-C0DC29E9DA7D}.Debug|Any CPU.ActiveCfg = Debug|Any CPU
		{AA798BCA-1EEB-492F-BC07-C0DC29E9DA7D}.Debug|Any CPU.Build.0 = Debug|Any CPU
		{AA798BCA-1EEB-492F-BC07-C0DC29E9DA7D}.Release|Any CPU.ActiveCfg = Release|Any CPU
		{AA798BCA-1EEB-492F-BC07-C0DC29E9DA7D}.Release|Any CPU.Build.0 = Release|Any CPU
		{B84CCAD6-26F1-444F-BAB1-500893D27B29}.Debug|Any CPU.ActiveCfg = Debug|Any CPU
		{B84CCAD6-26F1-444F-BAB1-500893D27B29}.Debug|Any CPU.Build.0 = Debug|Any CPU
		{B84CCAD6-26F1-444F-BAB1-500893D27B29}.Release|Any CPU.ActiveCfg = Release|Any CPU
		{B84CCAD6-26F1-444F-BAB1-500893D27B29}.Release|Any CPU.Build.0 = Release|Any CPU
		{92C37929-2BDB-429A-80B0-A554F6A4EB2D}.Debug|Any CPU.ActiveCfg = Debug|Any CPU
		{92C37929-2BDB-429A-80B0-A554F6A4EB2D}.Debug|Any CPU.Build.0 = Debug|Any CPU
		{92C37929-2BDB-429A-80B0-A554F6A4EB2D}.Release|Any CPU.ActiveCfg = Release|Any CPU
		{92C37929-2BDB-429A-80B0-A554F6A4EB2D}.Release|Any CPU.Build.0 = Release|Any CPU
		{79B2A1F3-0B5B-4400-9EFD-6EFCBF1319A4}.Debug|Any CPU.ActiveCfg = Debug|Any CPU
		{79B2A1F3-0B5B-4400-9EFD-6EFCBF1319A4}.Debug|Any CPU.Build.0 = Debug|Any CPU
		{79B2A1F3-0B5B-4400-9EFD-6EFCBF1319A4}.Release|Any CPU.ActiveCfg = Release|Any CPU
		{79B2A1F3-0B5B-4400-9EFD-6EFCBF1319A4}.Release|Any CPU.Build.0 = Release|Any CPU
		{BC876BB4-D0C9-42C9-9BB4-CD05F9D15F60}.Debug|Any CPU.ActiveCfg = Debug|Any CPU
		{BC876BB4-D0C9-42C9-9BB4-CD05F9D15F60}.Debug|Any CPU.Build.0 = Debug|Any CPU
		{BC876BB4-D0C9-42C9-9BB4-CD05F9D15F60}.Release|Any CPU.ActiveCfg = Release|Any CPU
		{BC876BB4-D0C9-42C9-9BB4-CD05F9D15F60}.Release|Any CPU.Build.0 = Release|Any CPU
		{EFB146CE-66C5-4D7F-8CCF-4D0C95A97185}.Debug|Any CPU.ActiveCfg = Debug|Any CPU
		{EFB146CE-66C5-4D7F-8CCF-4D0C95A97185}.Debug|Any CPU.Build.0 = Debug|Any CPU
		{EFB146CE-66C5-4D7F-8CCF-4D0C95A97185}.Release|Any CPU.ActiveCfg = Release|Any CPU
		{EFB146CE-66C5-4D7F-8CCF-4D0C95A97185}.Release|Any CPU.Build.0 = Release|Any CPU
		{E675320D-148A-4A3C-ADA0-8181D20BF885}.Debug|Any CPU.ActiveCfg = Debug|Any CPU
		{E675320D-148A-4A3C-ADA0-8181D20BF885}.Debug|Any CPU.Build.0 = Debug|Any CPU
		{E675320D-148A-4A3C-ADA0-8181D20BF885}.Release|Any CPU.ActiveCfg = Release|Any CPU
		{E675320D-148A-4A3C-ADA0-8181D20BF885}.Release|Any CPU.Build.0 = Release|Any CPU
		{B2191DFB-1DA3-412A-B4C4-4261204CF17E}.Debug|Any CPU.ActiveCfg = Debug|Any CPU
		{B2191DFB-1DA3-412A-B4C4-4261204CF17E}.Debug|Any CPU.Build.0 = Debug|Any CPU
		{B2191DFB-1DA3-412A-B4C4-4261204CF17E}.Release|Any CPU.ActiveCfg = Release|Any CPU
		{B2191DFB-1DA3-412A-B4C4-4261204CF17E}.Release|Any CPU.Build.0 = Release|Any CPU
		{26CFC01C-5D88-48C8-8330-68BD3CD07443}.Debug|Any CPU.ActiveCfg = Debug|Any CPU
		{26CFC01C-5D88-48C8-8330-68BD3CD07443}.Debug|Any CPU.Build.0 = Debug|Any CPU
		{26CFC01C-5D88-48C8-8330-68BD3CD07443}.Release|Any CPU.ActiveCfg = Release|Any CPU
		{26CFC01C-5D88-48C8-8330-68BD3CD07443}.Release|Any CPU.Build.0 = Release|Any CPU
		{F9023D02-9E6D-4FA7-BFF7-B3167F6F6A85}.Debug|Any CPU.ActiveCfg = Debug|Any CPU
		{F9023D02-9E6D-4FA7-BFF7-B3167F6F6A85}.Debug|Any CPU.Build.0 = Debug|Any CPU
		{F9023D02-9E6D-4FA7-BFF7-B3167F6F6A85}.Release|Any CPU.ActiveCfg = Release|Any CPU
		{F9023D02-9E6D-4FA7-BFF7-B3167F6F6A85}.Release|Any CPU.Build.0 = Release|Any CPU
	EndGlobalSection
	GlobalSection(SolutionProperties) = preSolution
		HideSolutionNode = FALSE
	EndGlobalSection
	GlobalSection(ExtensibilityGlobals) = postSolution
		SolutionGuid = {8AD2CCCD-4E87-44A7-9983-DA0844C3E2E7}
	EndGlobalSection
EndGlobal
